{
  "name": "grmetro-live-performance-center",
  "version": "0.0.0",
  "lockfileVersion": 3,
  "requires": true,
  "packages": {
    "": {
      "name": "grmetro-live-performance-center",
      "version": "0.0.0",
      "workspaces": [
        "apps/*"
      ],
      "engines": {
        "node": ">=22 <23"
      }
    },
    "apps/backend": {
      "name": "@grmetro/backend",
      "version": "0.0.0"
    },
    "apps/dashboard": {
      "name": "@grmetro/dashboard",
      "version": "0.0.0"
    },
    "apps/remote": {
      "name": "@grmetro/remote",
      "version": "0.0.0"
    },
    "node_modules/@grmetro/backend": {
      "resolved": "apps/backend",
      "link": true
    },
    "node_modules/@grmetro/dashboard": {
      "resolved": "apps/dashboard",
      "link": true
    },
    "node_modules/@grmetro/remote": {
      "resolved": "apps/remote",
      "link": true
    }
  }
}
